{
  "nodes": {
    "flake-utils": {
      "locked": {
        "lastModified": 1659877975,
        "narHash": "sha256-zllb8aq3YO3h8B/U0/J1WBgAL8EX5yWf5pMj3G0NAmc=",
        "owner": "numtide",
        "repo": "flake-utils",
        "rev": "c0e246b9b83f637f4681389ecabcb2681b4f3af0",
        "type": "github"
      },
      "original": {
        "owner": "numtide",
        "repo": "flake-utils",
        "type": "github"
      }
    },
    "flake-utils_2": {
      "locked": {
        "lastModified": 1659877975,
        "narHash": "sha256-zllb8aq3YO3h8B/U0/J1WBgAL8EX5yWf5pMj3G0NAmc=",
        "owner": "numtide",
        "repo": "flake-utils",
        "rev": "c0e246b9b83f637f4681389ecabcb2681b4f3af0",
        "type": "github"
      },
      "original": {
        "owner": "numtide",
        "repo": "flake-utils",
        "type": "github"
      }
    },
    "nixpkgs": {
      "locked": {
        "lastModified": 1662307202,
        "narHash": "sha256-jSLps7QENqzNIpZoNoxowyfeXKuYB86VTUiB0I2CbHA=",
        "owner": "nixos",
        "repo": "nixpkgs",
        "rev": "161a83023932a477103eebe8b3fd1b25aef0ba62",
        "type": "github"
      },
      "original": {
        "owner": "nixos",
        "repo": "nixpkgs",
        "type": "github"
      }
    },
    "nixpkgs_2": {
      "locked": {
        "lastModified": 1662257973,
        "narHash": "sha256-9VbyuNk1vvUQ2e0tIeL5kvBQ1lqudCTi/Ugp9hLztJg=",
        "owner": "nixos",
        "repo": "nixpkgs",
        "rev": "187f55926cca9f3c3b73e5c11f98b010cbf6f884",
        "type": "github"
      },
      "original": {
        "owner": "nixos",
        "repo": "nixpkgs",
        "type": "github"
      }
    },
    "relic": {
      "inputs": {
        "flake-utils": "flake-utils_2",
        "nixpkgs": "nixpkgs_2"
      },
      "locked": {
        "lastModified": 1662307213,
        "narHash": "sha256-kNBrlse/5+4FTpetJGCkT/LwfP+6dkyORnc7sIOqJLc=",
        "owner": "abueide",
        "repo": "relic",
        "rev": "d523f22f31340e159d5e1123fbd86ddae4937598",
        "type": "github"
      },
      "original": {
        "owner": "abueide",
        "ref": "110-flake",
        "repo": "relic",
        "type": "github"
      }
    },
    "root": {
      "inputs": {
        "flake-utils": "flake-utils",
        "nixpkgs": "nixpkgs",
        "relic": "relic"
      }
    }
  },
  "root": "root",
  "version": 7
}
